
Microsoft Visual Studio Solution File, Format Version 12.00
# Visual Studio Version 17
VisualStudioVersion = 17.12.35527.113
MinimumVisualStudioVersion = 10.0.40219.1
Project("{2150E333-8FDC-42A3-9474-1A3956D46DE8}") = "Apps", "Apps", "{6AE50928-5916-46D1-B1B1-987CF57D79A6}"
EndProject
Project("{2150E333-8FDC-42A3-9474-1A3956D46DE8}") = "Domains", "Domains", "{FF6796D8-0A23-4F1F-B2BD-0DB01DA157E7}"
EndProject
Project("{2150E333-8FDC-42A3-9474-1A3956D46DE8}") = "Business", "Business", "{90E91496-8413-40E2-BB5F-8326CCA79057}"
EndProject
Project("{2150E333-8FDC-42A3-9474-1A3956D46DE8}") = "Infrastructure", "Infrastructure", "{FBF21BA9-8BC4-4A5D-BC52-654B5D76321D}"
EndProject
Project("{2150E333-8FDC-42A3-9474-1A3956D46DE8}") = "Data", "Data", "{6F0B4446-0447-49A9-BD29-C06241636335}"
EndProject
Project("{FAE04EC0-301F-11D3-BF4B-00C04F79EFBC}") = "CodeBuddy.API", "Apps\CodeBuddy.API\CodeBuddy.API.csproj", "{989AD6C0-DE84-4F09-9323-8994095BA51A}"
EndProject
Project("{FAE04EC0-301F-11D3-BF4B-00C04F79EFBC}") = "CodeBuddy.Business", "Business\CodeBuddy.Business\CodeBuddy.Business.csproj", "{67D22DF7-B7CE-4B35-A676-7DABCDE92DFC}"
EndProject
Project("{FAE04EC0-301F-11D3-BF4B-00C04F79EFBC}") = "CodeBuddy.DataAccess", "Data\CodeBuddy.DataAccess\CodeBuddy.DataAccess.csproj", "{FF2BB979-68C5-4454-977C-2C512ED9BD0D}"
EndProject
Project("{FAE04EC0-301F-11D3-BF4B-00C04F79EFBC}") = "CodeBuddy.Domains", "Domains\CodeBuddy.Domains\CodeBuddy.Domains.csproj", "{46A33F6D-E952-441A-AE58-93EBB8C98818}"
EndProject
Project("{FAE04EC0-301F-11D3-BF4B-00C04F79EFBC}") = "CodeBuddy.Infrastructure.Shared", "Infrastructure\CodeBuddy.Infrastructure.Shared\CodeBuddy.Infrastructure.Shared.csproj", "{B9C5F3B3-A17A-4614-BC8A-751D1CB61B03}"
EndProject
Project("{FAE04EC0-301F-11D3-BF4B-00C04F79EFBC}") = "CodeBuddy.Infrastructure.Elastic", "Infrastructure\CodeBuddy.Infrastructure.Elastic\CodeBuddy.Infrastructure.Elastic.csproj", "{DB09A0A0-4EF3-4786-9CA3-DBE849F7DB10}"
EndProject
Global
	GlobalSection(SolutionConfigurationPlatforms) = preSolution
		Debug|Any CPU = Debug|Any CPU
		Release|Any CPU = Release|Any CPU
	EndGlobalSection
	GlobalSection(ProjectConfigurationPlatforms) = postSolution
		{989AD6C0-DE84-4F09-9323-8994095BA51A}.Debug|Any CPU.ActiveCfg = Debug|Any CPU
		{989AD6C0-DE84-4F09-9323-8994095BA51A}.Debug|Any CPU.Build.0 = Debug|Any CPU
		{989AD6C0-DE84-4F09-9323-8994095BA51A}.Release|Any CPU.ActiveCfg = Release|Any CPU
		{989AD6C0-DE84-4F09-9323-8994095BA51A}.Release|Any CPU.Build.0 = Release|Any CPU
		{67D22DF7-B7CE-4B35-A676-7DABCDE92DFC}.Debug|Any CPU.ActiveCfg = Debug|Any CPU
		{67D22DF7-B7CE-4B35-A676-7DABCDE92DFC}.Debug|Any CPU.Build.0 = Debug|Any CPU
		{67D22DF7-B7CE-4B35-A676-7DABCDE92DFC}.Release|Any CPU.ActiveCfg = Release|Any CPU
		{67D22DF7-B7CE-4B35-A676-7DABCDE92DFC}.Release|Any CPU.Build.0 = Release|Any CPU
		{FF2BB979-68C5-4454-977C-2C512ED9BD0D}.Debug|Any CPU.ActiveCfg = Debug|Any CPU
		{FF2BB979-68C5-4454-977C-2C512ED9BD0D}.Debug|Any CPU.Build.0 = Debug|Any CPU
		{FF2BB979-68C5-4454-977C-2C512ED9BD0D}.Release|Any CPU.ActiveCfg = Release|Any CPU
		{FF2BB979-68C5-4454-977C-2C512ED9BD0D}.Release|Any CPU.Build.0 = Release|Any CPU
		{46A33F6D-E952-441A-AE58-93EBB8C98818}.Debug|Any CPU.ActiveCfg = Debug|Any CPU
		{46A33F6D-E952-441A-AE58-93EBB8C98818}.Debug|Any CPU.Build.0 = Debug|Any CPU
		{46A33F6D-E952-441A-AE58-93EBB8C98818}.Release|Any CPU.ActiveCfg = Release|Any CPU
		{46A33F6D-E952-441A-AE58-93EBB8C98818}.Release|Any CPU.Build.0 = Release|Any CPU
		{B9C5F3B3-A17A-4614-BC8A-751D1CB61B03}.Debug|Any CPU.ActiveCfg = Debug|Any CPU
		{B9C5F3B3-A17A-4614-BC8A-751D1CB61B03}.Debug|Any CPU.Build.0 = Debug|Any CPU
		{B9C5F3B3-A17A-4614-BC8A-751D1CB61B03}.Release|Any CPU.ActiveCfg = Release|Any CPU
		{B9C5F3B3-A17A-4614-BC8A-751D1CB61B03}.Release|Any CPU.Build.0 = Release|Any CPU
		{DB09A0A0-4EF3-4786-9CA3-DBE849F7DB10}.Debug|Any CPU.ActiveCfg = Debug|Any CPU
		{DB09A0A0-4EF3-4786-9CA3-DBE849F7DB10}.Debug|Any CPU.Build.0 = Debug|Any CPU
		{DB09A0A0-4EF3-4786-9CA3-DBE849F7DB10}.Release|Any CPU.ActiveCfg = Release|Any CPU
		{DB09A0A0-4EF3-4786-9CA3-DBE849F7DB10}.Release|Any CPU.Build.0 = Release|Any CPU
	EndGlobalSection
	GlobalSection(SolutionProperties) = preSolution
		HideSolutionNode = FALSE
	EndGlobalSection
	GlobalSection(NestedProjects) = preSolution
		{989AD6C0-DE84-4F09-9323-8994095BA51A} = {6AE50928-5916-46D1-B1B1-987CF57D79A6}
		{67D22DF7-B7CE-4B35-A676-7DABCDE92DFC} = {90E91496-8413-40E2-BB5F-8326CCA79057}
		{FF2BB979-68C5-4454-977C-2C512ED9BD0D} = {6F0B4446-0447-49A9-BD29-C06241636335}
		{46A33F6D-E952-441A-AE58-93EBB8C98818} = {FF6796D8-0A23-4F1F-B2BD-0DB01DA157E7}
		{B9C5F3B3-A17A-4614-BC8A-751D1CB61B03} = {FBF21BA9-8BC4-4A5D-BC52-654B5D76321D}
		{DB09A0A0-4EF3-4786-9CA3-DBE849F7DB10} = {FBF21BA9-8BC4-4A5D-BC52-654B5D76321D}
	EndGlobalSection
EndGlobal
